
Microsoft Visual Studio Solution File, Format Version 12.00
# Visual Studio Version 16
VisualStudioVersion = 16.0.30804.86
MinimumVisualStudioVersion = 10.0.40219.1
Project("{FAE04EC0-301F-11D3-BF4B-00C04F79EFBC}") = "Demo_ASPNET-Core_Identity", "Demo_ASPNET-Core_Identity\Demo_ASPNET-Core_Identity.csproj", "{C3FBB1D6-DC3E-4261-9756-97AA820C7C0F}"
EndProject
Global
	GlobalSection(SolutionConfigurationPlatforms) = preSolution
		Debug|Any CPU = Debug|Any CPU
		Release|Any CPU = Release|Any CPU
	EndGlobalSection
	GlobalSection(ProjectConfigurationPlatforms) = postSolution
		{C3FBB1D6-DC3E-4261-9756-97AA820C7C0F}.Debug|Any CPU.ActiveCfg = Debug|Any CPU
		{C3FBB1D6-DC3E-4261-9756-97AA820C7C0F}.Debug|Any CPU.Build.0 = Debug|Any CPU
		{C3FBB1D6-DC3E-4261-9756-97AA820C7C0F}.Release|Any CPU.ActiveCfg = Release|Any CPU
		{C3FBB1D6-DC3E-4261-9756-97AA820C7C0F}.Release|Any CPU.Build.0 = Release|Any CPU
	EndGlobalSection
	GlobalSection(SolutionProperties) = preSolution
		HideSolutionNode = FALSE
	EndGlobalSection
	GlobalSection(ExtensibilityGlobals) = postSolution
		SolutionGuid = {B3582C22-D0EE-41A0-B8B8-F8D5F1DF9D3A}
	EndGlobalSection
EndGlobal
